%{
  "syn": {:hex, :syn, "3.3.0", "4684a909efdfea35ce75a9662fc523e4a8a4e8169a3df275e4de4fa63f99c486", [:rebar3], [], "hexpm", "e58ee447bc1094bdd21bf0acc102b1fbf99541a508cd48060bf783c245eaf7d6"},
  "typed_struct": {:hex, :typed_struct, "0.3.0", "939789e3c1dca39d7170c87f729127469d1315dcf99fee8e152bb774b17e7ff7", [:mix], [], "hexpm", "c50bd5c3a61fe4e198a8504f939be3d3c85903b382bde4865579bc23111d1b6d"},
}
